PODS:
  - Realm (4.3.0):
    - Realm/Headers (= 4.3.0)
  - Realm/Headers (4.3.0)
  - RealmSwift (4.3.0):
    - Realm (= 4.3.0)
  - SDOSStencil (1.0.0):
    - Sourcery (~> 1.0)
  - Sourcery (1.0.0)

DEPENDENCIES:
  - RealmSwift (= 4.3.0)
  - SDOSStencil (from `../../`)

SPEC REPOS:
  trunk:
    - Realm
    - RealmSwift
    - Sourcery

EXTERNAL SOURCES:
  SDOSStencil:
    :path: "../../"

SPEC CHECKSUMS:
  Realm: 9357c3589555793e1860a7104a7412bca4a48d99
  RealmSwift: 402f1e379a8ef82c635313037b043f0f06de880c
  SDOSStencil: 2772b5033bb78ee89d64f835146eab4a190322ab
  Sourcery: 928a146ea9b777fa64b0c6ce915c4128b4488cff

PODFILE CHECKSUM: 8fff5e8184d14ad86a6608c5d1e78a1403912486

COCOAPODS: 1.9.3
