PODS:
  - Realm (4.3.0):
    - Realm/Headers (= 4.3.0)
  - Realm/Headers (4.3.0)
  - RealmSwift (4.3.0):
    - Realm (= 4.3.0)
  - SDOSStencil (0.0.1):
    - Sourcery (~> 0.17.0)
  - Sourcery (0.17.0)

DEPENDENCIES:
  - RealmSwift (= 4.3.0)
  - SDOSStencil (from `../../`)

SPEC REPOS:
  trunk:
    - Realm
    - RealmSwift
    - Sourcery

EXTERNAL SOURCES:
  SDOSStencil:
    :path: "../../"

SPEC CHECKSUMS:
  Realm: 9357c3589555793e1860a7104a7412bca4a48d99
  RealmSwift: 402f1e379a8ef82c635313037b043f0f06de880c
  SDOSStencil: e48b97ff56c94831d3941c2214c23c34ba1bea17
  Sourcery: 3ed61be7c8a1218fce349266139379dba477efe0

PODFILE CHECKSUM: 25e996ec0c9e1c0fc7d3c4646aeadb8f9563509c

COCOAPODS: 1.8.4
